
Microsoft Visual Studio Solution File, Format Version 12.00
# Visual Studio 15
Project("{FAE04EC0-301F-11D3-BF4B-00C04F79EFBC}") = "Unity.InputSystem", "Unity.InputSystem.csproj", "{B981C228-3EA7-A8B2-A665-DDADA0066000}"
EndProject
Project("{FAE04EC0-301F-11D3-BF4B-00C04F79EFBC}") = "Assembly-CSharp-Editor", "Assembly-CSharp-Editor.csproj", "{FB6B6CB3-DED0-3431-EA3B-2A3D18D923A0}"
EndProject
Global
	GlobalSection(SolutionConfigurationPlatforms) = preSolution
		Debug|Any CPU = Debug|Any CPU
		Release|Any CPU = Release|Any CPU
	EndGlobalSection
	GlobalSection(ProjectConfigurationPlatforms) = postSolution
		{B981C228-3EA7-A8B2-A665-DDADA0066000}.Debug|Any CPU.ActiveCfg = Debug|Any CPU
		{B981C228-3EA7-A8B2-A665-DDADA0066000}.Debug|Any CPU.Build.0 = Debug|Any CPU
		{B981C228-3EA7-A8B2-A665-DDADA0066000}.Release|Any CPU.ActiveCfg = Release|Any CPU
		{B981C228-3EA7-A8B2-A665-DDADA0066000}.Release|Any CPU.Build.0 = Release|Any CPU
		{FB6B6CB3-DED0-3431-EA3B-2A3D18D923A0}.Debug|Any CPU.ActiveCfg = Debug|Any CPU
		{FB6B6CB3-DED0-3431-EA3B-2A3D18D923A0}.Debug|Any CPU.Build.0 = Debug|Any CPU
		{FB6B6CB3-DED0-3431-EA3B-2A3D18D923A0}.Release|Any CPU.ActiveCfg = Release|Any CPU
		{FB6B6CB3-DED0-3431-EA3B-2A3D18D923A0}.Release|Any CPU.Build.0 = Release|Any CPU
	EndGlobalSection
	GlobalSection(SolutionProperties) = preSolution
		HideSolutionNode = FALSE
	EndGlobalSection
EndGlobal
